
Microsoft Visual Studio Solution File, Format Version 12.00
# Visual Studio Version 16
VisualStudioVersion = 16.0.31624.102
MinimumVisualStudioVersion = 10.0.40219.1
Project("{8BC9CEB8-8B4A-11D0-8D11-00A0C91BC942}") = "pokupka i arenda doma", "pokupka i arenda doma.vcxproj", "{EEAE3440-7BBB-4661-9258-80779353850A}"
EndProject
Global
	GlobalSection(SolutionConfigurationPlatforms) = preSolution
		Debug|x64 = Debug|x64
		Debug|x86 = Debug|x86
		Release|x64 = Release|x64
		Release|x86 = Release|x86
	EndGlobalSection
	GlobalSection(ProjectConfigurationPlatforms) = postSolution
		{EEAE3440-7BBB-4661-9258-80779353850A}.Debug|x64.ActiveCfg = Debug|x64
		{EEAE3440-7BBB-4661-9258-80779353850A}.Debug|x64.Build.0 = Debug|x64
		{EEAE3440-7BBB-4661-9258-80779353850A}.Debug|x86.ActiveCfg = Debug|Win32
		{EEAE3440-7BBB-4661-9258-80779353850A}.Debug|x86.Build.0 = Debug|Win32
		{EEAE3440-7BBB-4661-9258-80779353850A}.Release|x64.ActiveCfg = Release|x64
		{EEAE3440-7BBB-4661-9258-80779353850A}.Release|x64.Build.0 = Release|x64
		{EEAE3440-7BBB-4661-9258-80779353850A}.Release|x86.ActiveCfg = Release|Win32
		{EEAE3440-7BBB-4661-9258-80779353850A}.Release|x86.Build.0 = Release|Win32
	EndGlobalSection
	GlobalSection(SolutionProperties) = preSolution
		HideSolutionNode = FALSE
	EndGlobalSection
	GlobalSection(ExtensibilityGlobals) = postSolution
		SolutionGuid = {FCDDCA3A-C7D0-4659-BEB9-9E44AB3A2916}
	EndGlobalSection
EndGlobal
